YªçŠx-®éÜj×¢ëiºÚ+Š§j[h‘éÜ¢éí×tã´èµ©hºÚn¶X§zÍ]™\œÚ[ÛˆHBœ™]š\Ú[ÛˆHBœ™\]Z\™\Ë\]ÛˆHLËŒLKŒ‚œ™\ÛÛ][Û‹[X\šÙ\œÈHÂˆœ]Û—Ù[İ™\œÚ[ÛˆOH	ÌËŒMŠ‰È[™]›Ü›WÛXXÚ[™HOH	ØX\˜Ú	È[™Ş\×Ü]›Ü›HOH	Û[^	È‹—Bœİ\ÜY[X\šÙ\œÈHÂˆœ]Û—Ù[İ™\œÚ[ÛˆOH	ÌËŒMŠ‰È[™]›Ü›WÛXXÚ[™HOH	ØX\˜Ú	È[™Ş\×Ü]›Ü›HOH	Û[^	È‹—Bœ™\]Z\™Y[X\šÙ\œÈHÂˆœ]Û—Ù[İ™\œÚ[ÛˆOH	ÌËŒMŠ‰È[™]›Ü›WÛXXÚ[™HOH	ØX\˜Ú	È[™Ş\×Ü]›Ü›HOH	Û[^	È‹—B‚–ÖÜXÚØYÙWWB›˜[YHH˜YÙ[XZ[‚™\œÚ[ÛˆHŒŒNH‚œÛİ\˜ÙHHÈ™YÚ\İHHšÎ‹ËÜ\K›Ü™ËÜÚ[\HˆB™\[™[˜ÚY\ÈHÂˆÈ˜[YHHšˆKˆÈ˜[YHHœY[XÈˆKˆÈ˜[YHHœY[XËXÛÜ™HˆKˆÈ˜[YHH\[™ËY^[œÚ[ÛœÈˆKˆÈ˜[YHHÙXœÛØÚÙ]ÈˆK—BœÙ\İHÈ\›HšÎ‹ËÙš[\Ëœ]ÛšÜİY›Ü™ËÜ5çNxîÚ$z{-®éÜj×7b", size = 4954022, upload-time = "2025-09-14T22:17:41.879Z" },
    { url = "https://files.pythonhosted.org/packages/a4/86/a48e56320d0a17189ab7a42645387334fba2200e904ee47fc5a26c1fd8ca/zstandard-0.25.0-cp314-cp314-manylinux2014_aarch64.manylinux_2_17_aarch64.manylinux_2_28_aarch64.whl", hash = "sha256:223415140608d0f0da010499eaa8ccdb9af210a543fac54bce15babbcfc78439", size = 5058095, upload-time = "2025-09-14T22:17:59.498Z" },
    { url = "https://files.pythonhosted.org/packages/c9/ae/56523ae9c142f0c08efd5e868a6da613ae76614eca1305259c3bf6a0ed43/zstandard-0.25.0-cp314-cp314-musllinux_1_2_aarch64.whl", hash = "sha256:a9ec8c642d1ec73287ae3e726792dd86c96f5681eb8df274a757bf62b750eae7", size = 4955108, upload-time = "2025-09-14T22:18:07.68Z" },
]
