# Hermes Desktop remote gateway only: CPython 3.14 / Debian Trixie ARM64.
# Install inside its dedicated component venv with pip --require-hashes -r this file.
# Each native wheel hash is scoped to cp314 + aarch64; cryptography uses ABI3.
aiohttp==3.13.5 \
    --hash=sha256:ecc26751323224cf8186efcf7fbcbc30f4e1d8c7970659daf25ad995e4032a56
PyJWT==2.15.1 \
    --hash=sha256:42d59d631f7768a1028a64c7ff581a9bf7519804daf91fc5b6c56e30eec5e193
cryptography==50.0.2 \
    --hash=sha256:79def8d059362e7831389ed3be0ecdf58a89386e1271e35dd9f5af84e81bffd0
cffi==2.0.0 \
    --hash=sha256:24b6f81f1983e6df8db3adc38562c83f7d4a0c36162885ec7f7b77c7dcbec97b
pycparser==3.0 \
    --hash=sha256:b727414169a36b7d524c1c3e31839a521725078d7b2ff038656844266160a992
aiohappyeyeballs==2.6.2 \
    --hash=sha256:4708045e2d7a6c6bdf8aafa8ed39649eaf926a4543b54560659129e3365953c4
aiosignal==1.4.0 \
    --hash=sha256:053243f8b92b990551949e63930a839ff0cf0b0ebbe0597b0f3fb19e1a0fe82e
attrs==26.1.0 \
    --hash=sha256:c647aa4a12dfbad9333ca4e71fe62ddc36f4e63b2d260a37a8b83d2f043ac309
frozenlist==1.8.0 \
    --hash=sha256:778a11b15673f6f1df23d9586f83c4846c471a8af693a22e066508b77d201ec8
multidict==6.7.1 \
    --hash=sha256:97231140a50f5d447d3164f994b86a0bed7cd016e2682f8650d6a9158e14fd31
propcache==0.5.2 \
    --hash=sha256:ba57fffe4ac99c5d30076161b5866336d97600769bad35cc68f7774b15298a4e
yarl==1.24.2 \
    --hash=sha256:fecd17873a096036c1c87ab3486f1aef7f269ada7f23f7f856f93b1cc7744f14
idna==3.16 \
    --hash=sha256:cc246e3a3f89580c3a951b5ad298ca4638078b2cdd4f115654332b5c26daded5
